<?xml version="1.0" encoding="utf-8"?>
<Project ToolsVersion="4.0" xmlns="http://schemas.microsoft.com/developer/msbuild/2003">
  <ItemGroup>
    <Filter Include="Source Files">
      <UniqueIdentifier>{4FC737F1-C7A5-4376-A066-2A32D752A2FF}</UniqueIdentifier>
      <Extensions>cpp;cxx;c;def</Extensions>
    </Filter>
    <Filter Include="Header Files">
      <UniqueIdentifier>{93995380-89BD-4b04-88EB-625FBE52EBFB}</UniqueIdentifier>
      <Extensions>h</Extensions>
    </Filter>
    <Filter Include="Form Files">
      <UniqueIdentifier>{99349809-55BA-4b9d-BF79-8FDBB0286EB3}</UniqueIdentifier>
      <Extensions>ui</Extensions>
    </Filter>
    <Filter Include="Resource Files">
      <UniqueIdentifier>{D9D6E242-F8AF-46E4-B9FD-80ECBC20BA3E}</UniqueIdentifier>
      <Extensions>qrc;*</Extensions>
      <ParseFiles>false</ParseFiles>
    </Filter>
    <Filter Include="Interfaces">
      <UniqueIdentifier>{a5d8f917-fb00-4fc1-bbaf-b99db35264cc}</UniqueIdentifier>
    </Filter>
    <Filter Include="Header Files\Generated Files">
      <UniqueIdentifier>{71ED8ED8-ACB9-4CE9-BBE1-E00B30144E11}</UniqueIdentifier>
      <Extensions>moc;h;cpp</Extensions>
      <SourceControlFiles>False</SourceControlFiles>
    </Filter>
    <Filter Include="Header Files\Generated Files\Debug">
      <UniqueIdentifier>{94a86db1-0216-43f0-abf8-bfb19a82d383}</UniqueIdentifier>
      <Extensions>cpp;moc</Extensions>
      <SourceControlFiles>False</SourceControlFiles>
    </Filter>
    <Filter Include="Header Files\Generated Files\Release">
      <UniqueIdentifier>{63e8ee22-2450-46cc-b094-9fc371bcdc61}</UniqueIdentifier>
      <Extensions>cpp;moc</Extensions>
      <SourceControlFiles>False</SourceControlFiles>
    </Filter>
    <Filter Include="Translation Files">
      <UniqueIdentifier>{639EADAA-A684-42e4-A9AD-28FC9BCB8F7C}</UniqueIdentifier>
      <Extensions>ts</Extensions>
      <ParseFiles>false</ParseFiles>
    </Filter>
  </ItemGroup>
  <ItemGroup>
    <ClCompile Include="stdafx.cpp">
      <Filter>Source Files</Filter>
    </ClCompile>
    <ClCompile Include="commonapi.cpp">
      <Filter>Source Files</Filter>
    </ClCompile>
    <ClCompile Include="mediaplayerviewprivate.cpp">
      <Filter>Source Files</Filter>
    </ClCompile>
    <ClCompile Include="GeneratedFiles\Debug\moc_mediaplayerviewprivate.cpp">
      <Filter>Header Files\Generated Files\Debug</Filter>
    </ClCompile>
    <ClCompile Include="GeneratedFiles\Release\moc_mediaplayerviewprivate.cpp">
      <Filter>Header Files\Generated Files\Release</Filter>
    </ClCompile>
    <ClCompile Include="mediaplayerviewtoolbar.cpp">
      <Filter>Source Files</Filter>
    </ClCompile>
    <ClCompile Include="GeneratedFiles\Debug\moc_mediaplayerviewtoolbar.cpp">
      <Filter>Header Files\Generated Files\Debug</Filter>
    </ClCompile>
    <ClCompile Include="GeneratedFiles\Release\moc_mediaplayerviewtoolbar.cpp">
      <Filter>Header Files\Generated Files\Release</Filter>
    </ClCompile>
    <ClCompile Include="GeneratedFiles\Debug\moc_commonapi.cpp">
      <Filter>Header Files\Generated Files\Debug</Filter>
    </ClCompile>
    <ClCompile Include="GeneratedFiles\Release\moc_commonapi.cpp">
      <Filter>Header Files\Generated Files\Release</Filter>
    </ClCompile>
    <ClCompile Include="mediaplayercontrolprivate.cpp">
      <Filter>Source Files</Filter>
    </ClCompile>
    <ClCompile Include="GeneratedFiles\Debug\moc_mediaplayercontrolprivate.cpp">
      <Filter>Header Files\Generated Files\Debug</Filter>
    </ClCompile>
    <ClCompile Include="GeneratedFiles\Release\moc_mediaplayercontrolprivate.cpp">
      <Filter>Header Files\Generated Files\Release</Filter>
    </ClCompile>
    <ClCompile Include="GeneratedFiles\Debug\moc_MediaPlayerControl.cpp">
      <Filter>Header Files\Generated Files\Debug</Filter>
    </ClCompile>
    <ClCompile Include="GeneratedFiles\Release\moc_MediaPlayerControl.cpp">
      <Filter>Header Files\Generated Files\Release</Filter>
    </ClCompile>
    <ClCompile Include="GeneratedFiles\Debug\moc_cropmediaplayercontrol.cpp">
      <Filter>Header Files\Generated Files\Debug</Filter>
    </ClCompile>
    <ClCompile Include="GeneratedFiles\Release\moc_cropmediaplayercontrol.cpp">
      <Filter>Header Files\Generated Files\Release</Filter>
    </ClCompile>
    <ClCompile Include="GeneratedFiles\Debug\moc_cropviewtoolbar.cpp">
      <Filter>Header Files\Generated Files\Debug</Filter>
    </ClCompile>
    <ClCompile Include="GeneratedFiles\Release\moc_cropviewtoolbar.cpp">
      <Filter>Header Files\Generated Files\Release</Filter>
    </ClCompile>
    <ClCompile Include="GeneratedFiles\Debug\moc_mediacropviewprivate.cpp">
      <Filter>Header Files\Generated Files\Debug</Filter>
    </ClCompile>
    <ClCompile Include="GeneratedFiles\Release\moc_mediacropviewprivate.cpp">
      <Filter>Header Files\Generated Files\Release</Filter>
    </ClCompile>
    <ClCompile Include="cropmediaplayercontrol.cpp">
      <Filter>Source Files</Filter>
    </ClCompile>
    <ClCompile Include="cropviewtoolbar.cpp">
      <Filter>Source Files</Filter>
    </ClCompile>
    <ClCompile Include="mediacropviewprivate.cpp">
      <Filter>Source Files</Filter>
    </ClCompile>
    <ClCompile Include="GeneratedFiles\qrc_mediaplayerview.cpp">
      <Filter>Header Files\Generated Files</Filter>
    </ClCompile>
    <ClCompile Include="captionplayerviewprivate.cpp">
      <Filter>Source Files</Filter>
    </ClCompile>
    <ClCompile Include="GeneratedFiles\Debug\moc_captionplayerviewprivate.cpp">
      <Filter>Header Files\Generated Files\Debug</Filter>
    </ClCompile>
    <ClCompile Include="GeneratedFiles\Release\moc_captionplayerviewprivate.cpp">
      <Filter>Header Files\Generated Files\Release</Filter>
    </ClCompile>
    <ClCompile Include="GeneratedFiles\Debug\moc_MediaPlayerView.cpp">
      <Filter>Header Files\Generated Files\Debug</Filter>
    </ClCompile>
    <ClCompile Include="GeneratedFiles\Release\moc_MediaPlayerView.cpp">
      <Filter>Header Files\Generated Files\Release</Filter>
    </ClCompile>
    <ClCompile Include="RegionEditView.cpp">
      <Filter>Source Files</Filter>
    </ClCompile>
    <ClCompile Include="GeneratedFiles\Debug\moc_RegionEditView.cpp">
      <Filter>Header Files\Generated Files\Debug</Filter>
    </ClCompile>
    <ClCompile Include="GeneratedFiles\Release\moc_RegionEditView.cpp">
      <Filter>Header Files\Generated Files\Release</Filter>
    </ClCompile>
    <ClCompile Include="actioncamplayerviewprivate.cpp">
      <Filter>Source Files</Filter>
    </ClCompile>
    <ClCompile Include="GeneratedFiles\Debug\moc_actioncamplayerviewprivate.cpp">
      <Filter>Header Files\Generated Files\Debug</Filter>
    </ClCompile>
    <ClCompile Include="GeneratedFiles\Release\moc_actioncamplayerviewprivate.cpp">
      <Filter>Header Files\Generated Files\Release</Filter>
    </ClCompile>
    <ClCompile Include="audiopillarview.cpp">
      <Filter>Source Files</Filter>
    </ClCompile>
    <ClCompile Include="GeneratedFiles\Debug\moc_audiopillarview.cpp">
      <Filter>Header Files\Generated Files\Debug</Filter>
    </ClCompile>
    <ClCompile Include="GeneratedFiles\Release\moc_audiopillarview.cpp">
      <Filter>Header Files\Generated Files\Release</Filter>
    </ClCompile>
  </ItemGroup>
  <ItemGroup>
    <ClInclude Include="stdafx.h">
      <Filter>Header Files</Filter>
    </ClInclude>
  </ItemGroup>
  <ItemGroup>
    <CustomBuild Include="mediaplayerviewprivate.h">
      <Filter>Header Files</Filter>
    </CustomBuild>
    <CustomBuild Include="mediaplayerviewtoolbar.h">
      <Filter>Header Files</Filter>
    </CustomBuild>
    <CustomBuild Include="commonapi.h">
      <Filter>Header Files</Filter>
    </CustomBuild>
    <CustomBuild Include="mediaplayercontrolprivate.h">
      <Filter>Header Files</Filter>
    </CustomBuild>
    <CustomBuild Include="..\include\inc_MediaPlayerView\MediaPlayerControl.h">
      <Filter>Interfaces</Filter>
    </CustomBuild>
    <CustomBuild Include="cropmediaplayercontrol.h">
      <Filter>Header Files</Filter>
    </CustomBuild>
    <CustomBuild Include="cropviewtoolbar.h">
      <Filter>Header Files</Filter>
    </CustomBuild>
    <CustomBuild Include="mediacropviewprivate.h">
      <Filter>Header Files</Filter>
    </CustomBuild>
    <CustomBuild Include="captionplayerviewprivate.h">
      <Filter>Header Files</Filter>
    </CustomBuild>
    <CustomBuild Include="..\include\inc_MediaPlayerView\MediaPlayerView.h">
      <Filter>Interfaces</Filter>
    </CustomBuild>
    <CustomBuild Include="RegionEditView.h">
      <Filter>Header Files</Filter>
    </CustomBuild>
    <CustomBuild Include="mediaplayerview.qrc">
      <Filter>Resource Files</Filter>
    </CustomBuild>
    <CustomBuild Include="actioncamplayerviewprivate.h">
      <Filter>Header Files</Filter>
    </CustomBuild>
    <CustomBuild Include="audiopillarview.h">
      <Filter>Header Files</Filter>
    </CustomBuild>
  </ItemGroup>
</Project>