<?xml version="1.0" encoding="utf-8"?>
<Project ToolsVersion="4.0" xmlns="http://schemas.microsoft.com/developer/msbuild/2003">
  <ItemGroup>
    <Filter Include="Source Files">
      <UniqueIdentifier>{4FC737F1-C7A5-4376-A066-2A32D752A2FF}</UniqueIdentifier>
      <Extensions>cpp;cxx;c;def</Extensions>
    </Filter>
    <Filter Include="Header Files">
      <UniqueIdentifier>{93995380-89BD-4b04-88EB-625FBE52EBFB}</UniqueIdentifier>
      <Extensions>h</Extensions>
    </Filter>
    <Filter Include="Form Files">
      <UniqueIdentifier>{99349809-55BA-4b9d-BF79-8FDBB0286EB3}</UniqueIdentifier>
      <Extensions>ui</Extensions>
    </Filter>
    <Filter Include="Resource Files">
      <UniqueIdentifier>{D9D6E242-F8AF-46E4-B9FD-80ECBC20BA3E}</UniqueIdentifier>
      <Extensions>qrc;*</Extensions>
      <ParseFiles>false</ParseFiles>
    </Filter>
    <Filter Include="Generated Files">
      <UniqueIdentifier>{71ED8ED8-ACB9-4CE9-BBE1-E00B30144E11}</UniqueIdentifier>
      <Extensions>moc;h;cpp</Extensions>
      <SourceControlFiles>False</SourceControlFiles>
    </Filter>
    <Filter Include="Interfaces">
      <UniqueIdentifier>{fba5c389-4720-4f44-be5e-eb16a54fb3bc}</UniqueIdentifier>
    </Filter>
    <Filter Include="Generated Files\Debug">
      <UniqueIdentifier>{93b8e437-8641-4f4f-ba73-af5947e45e6f}</UniqueIdentifier>
      <Extensions>cpp;moc</Extensions>
      <SourceControlFiles>False</SourceControlFiles>
    </Filter>
    <Filter Include="Generated Files\Release">
      <UniqueIdentifier>{31dc2ce6-4b28-4868-812c-65c1ef3373d2}</UniqueIdentifier>
      <Extensions>cpp;moc</Extensions>
      <SourceControlFiles>False</SourceControlFiles>
    </Filter>
    <Filter Include="Interfaces\FNLETimeline">
      <UniqueIdentifier>{75f0023c-8467-41e8-a0ca-88fc6badbe07}</UniqueIdentifier>
    </Filter>
    <Filter Include="Interfaces\FProject">
      <UniqueIdentifier>{d77cd9a7-9cf5-431a-89b3-8a76d926ef70}</UniqueIdentifier>
    </Filter>
  </ItemGroup>
  <ItemGroup>
    <ClCompile Include="FProject.cpp">
      <Filter>Source Files</Filter>
    </ClCompile>
    <ClCompile Include="FNLETimeline.cpp">
      <Filter>Source Files</Filter>
    </ClCompile>
    <ClCompile Include="stdafx.cpp">
      <Filter>Source Files</Filter>
    </ClCompile>
    <ClCompile Include="FMediaData.cpp">
      <Filter>Source Files</Filter>
    </ClCompile>
    <ClCompile Include="FNLETimelineFactory.cpp">
      <Filter>Source Files</Filter>
    </ClCompile>
    <ClCompile Include="FProjectData.cpp">
      <Filter>Source Files</Filter>
    </ClCompile>
    <ClCompile Include="FProjectFactory.cpp">
      <Filter>Source Files</Filter>
    </ClCompile>
    <ClCompile Include="GeneratedFiles\Debug\moc_FVideo.cpp">
      <Filter>Generated Files\Debug</Filter>
    </ClCompile>
    <ClCompile Include="GeneratedFiles\Release\moc_FVideo.cpp">
      <Filter>Generated Files\Release</Filter>
    </ClCompile>
    <ClCompile Include="GeneratedFiles\Debug\moc_FMediaTimeline.cpp">
      <Filter>Generated Files\Debug</Filter>
    </ClCompile>
    <ClCompile Include="GeneratedFiles\Release\moc_FMediaTimeline.cpp">
      <Filter>Generated Files\Release</Filter>
    </ClCompile>
    <ClCompile Include="GeneratedFiles\Debug\moc_FSequence.cpp">
      <Filter>Generated Files\Debug</Filter>
    </ClCompile>
    <ClCompile Include="GeneratedFiles\Release\moc_FSequence.cpp">
      <Filter>Generated Files\Release</Filter>
    </ClCompile>
    <ClCompile Include="FMediaTimeline.cpp">
      <Filter>Source Files</Filter>
    </ClCompile>
    <ClCompile Include="FSequence.cpp">
      <Filter>Source Files</Filter>
    </ClCompile>
    <ClCompile Include="FVideo.cpp">
      <Filter>Source Files</Filter>
    </ClCompile>
    <ClCompile Include="GeneratedFiles\Debug\moc_FUndoRedo.cpp">
      <Filter>Generated Files\Debug</Filter>
    </ClCompile>
    <ClCompile Include="GeneratedFiles\Release\moc_FUndoRedo.cpp">
      <Filter>Generated Files\Release</Filter>
    </ClCompile>
    <ClCompile Include="FUndoRedo.cpp">
      <Filter>Source Files</Filter>
    </ClCompile>
    <ClCompile Include="FTrack.cpp">
      <Filter>Source Files</Filter>
    </ClCompile>
    <ClCompile Include="FRef.cpp">
      <Filter>Source Files</Filter>
    </ClCompile>
    <ClCompile Include="GeneratedFiles\Debug\moc_UndoCommand.cpp">
      <Filter>Generated Files\Debug</Filter>
    </ClCompile>
    <ClCompile Include="GeneratedFiles\Release\moc_UndoCommand.cpp">
      <Filter>Generated Files\Release</Filter>
    </ClCompile>
    <ClCompile Include="UndoCommand.cpp">
      <Filter>Source Files</Filter>
    </ClCompile>
    <ClCompile Include="GeneratedFiles\Debug\moc_FDateDefine.cpp">
      <Filter>Generated Files\Debug</Filter>
    </ClCompile>
    <ClCompile Include="FDateDefine.cpp">
      <Filter>Source Files</Filter>
    </ClCompile>
    <ClCompile Include="GeneratedFiles\Release\moc_FDateDefine.cpp">
      <Filter>Generated Files\Release</Filter>
    </ClCompile>
  </ItemGroup>
  <ItemGroup>
    <ClInclude Include="..\include\inc_FProject\fproject_global.h">
      <Filter>Interfaces</Filter>
    </ClInclude>
    <ClInclude Include="stdafx.h">
      <Filter>Header Files</Filter>
    </ClInclude>
    <ClInclude Include="..\include\inc_FProject\FNLETimelineFactory.h">
      <Filter>Interfaces\FNLETimeline</Filter>
    </ClInclude>
    <ClInclude Include="..\include\inc_FProject\FMediaData.h">
      <Filter>Interfaces\FProject</Filter>
    </ClInclude>
    <ClInclude Include="..\include\inc_FProject\FProject.h">
      <Filter>Interfaces\FProject</Filter>
    </ClInclude>
    <ClInclude Include="..\include\inc_FProject\FProjectFactory.h">
      <Filter>Interfaces\FProject</Filter>
    </ClInclude>
    <ClInclude Include="..\include\inc_FProject\FProjectData.h">
      <Filter>Interfaces\FProject</Filter>
    </ClInclude>
    <ClInclude Include="..\include\inc_FProject\FTrack.h">
      <Filter>Interfaces</Filter>
    </ClInclude>
    <ClInclude Include="..\include\inc_FProject\FRef.h">
      <Filter>Interfaces</Filter>
    </ClInclude>
  </ItemGroup>
  <ItemGroup>
    <CustomBuild Include="..\include\inc_FProject\FVideo.h">
      <Filter>Interfaces\FNLETimeline</Filter>
    </CustomBuild>
    <CustomBuild Include="..\include\inc_FProject\FNLETimeline.h">
      <Filter>Interfaces\FNLETimeline</Filter>
    </CustomBuild>
    <CustomBuild Include="..\include\inc_FProject\FMediaTimeline.h">
      <Filter>Interfaces\FNLETimeline</Filter>
    </CustomBuild>
    <CustomBuild Include="..\include\inc_FProject\FUndoRedo.h">
      <Filter>Interfaces</Filter>
    </CustomBuild>
    <CustomBuild Include="..\include\inc_FProject\FSequence.h">
      <Filter>Interfaces\FProject</Filter>
    </CustomBuild>
    <CustomBuild Include="UndoCommand.h">
      <Filter>Header Files</Filter>
    </CustomBuild>
    <CustomBuild Include="..\include\inc_FProject\FDateDefine.h">
      <Filter>Interfaces</Filter>
    </CustomBuild>
  </ItemGroup>
</Project>