<?xml version="1.0" encoding="utf-8"?>
<Project ToolsVersion="4.0" xmlns="http://schemas.microsoft.com/developer/msbuild/2003">
  <ItemGroup>
    <Filter Include="源文件">
      <UniqueIdentifier>{4FC737F1-C7A5-4376-A066-2A32D752A2FF}</UniqueIdentifier>
      <Extensions>cpp;c;cc;cxx;def;odl;idl;hpj;bat;asm;asmx</Extensions>
    </Filter>
    <Filter Include="头文件">
      <UniqueIdentifier>{93995380-89BD-4b04-88EB-625FBE52EBFB}</UniqueIdentifier>
      <Extensions>h;hh;hpp;hxx;hm;inl;inc;xsd</Extensions>
    </Filter>
    <Filter Include="资源文件">
      <UniqueIdentifier>{67DA6AB6-F800-4c08-8B7A-83BB121AAD01}</UniqueIdentifier>
      <Extensions>rc;ico;cur;bmp;dlg;rc2;rct;bin;rgs;gif;jpg;jpeg;jpe;resx;tiff;tif;png;wav;mfcribbon-ms</Extensions>
    </Filter>
  </ItemGroup>
  <ItemGroup>
    <Text Include="ReadMe.txt" />
  </ItemGroup>
  <ItemGroup>
    <ClInclude Include="stdafx.h">
      <Filter>头文件</Filter>
    </ClInclude>
    <ClInclude Include="targetver.h">
      <Filter>头文件</Filter>
    </ClInclude>
    <ClInclude Include="NLEGUID.h">
      <Filter>头文件</Filter>
    </ClInclude>
    <ClInclude Include="..\NLEThreadPool_iid.h">
      <Filter>头文件</Filter>
    </ClInclude>
  </ItemGroup>
  <ItemGroup>
    <ClCompile Include="stdafx.cpp">
      <Filter>源文件</Filter>
    </ClCompile>
    <ClCompile Include="NLEGUID.cpp">
      <Filter>源文件</Filter>
    </ClCompile>
    <ClCompile Include="dllmain.cpp">
      <Filter>源文件</Filter>
    </ClCompile>
    <ClCompile Include="..\NLETimelineBase_iid.cpp">
      <Filter>源文件</Filter>
    </ClCompile>
    <ClCompile Include="..\MemoryPool_iid.cpp">
      <Filter>源文件</Filter>
    </ClCompile>
    <ClCompile Include="..\NLEAnimation_iid.cpp">
      <Filter>源文件</Filter>
    </ClCompile>
    <ClCompile Include="..\NLEAudio_iid.cpp">
      <Filter>源文件</Filter>
    </ClCompile>
    <ClCompile Include="..\NLEAudioFilter_iid.cpp">
      <Filter>源文件</Filter>
    </ClCompile>
    <ClCompile Include="..\NLEBackBench_iid.cpp">
      <Filter>源文件</Filter>
    </ClCompile>
    <ClCompile Include="..\NLECaption_iid.cpp">
      <Filter>源文件</Filter>
    </ClCompile>
    <ClCompile Include="..\NLECodec_iid.cpp">
      <Filter>源文件</Filter>
    </ClCompile>
    <ClCompile Include="..\NLECore_iid.cpp">
      <Filter>源文件</Filter>
    </ClCompile>
    <ClCompile Include="..\NLEFactory_iid.cpp">
      <Filter>源文件</Filter>
    </ClCompile>
    <ClCompile Include="..\NLEFrame_iid.cpp">
      <Filter>源文件</Filter>
    </ClCompile>
    <ClCompile Include="..\NLEFrameControl_iid.cpp">
      <Filter>源文件</Filter>
    </ClCompile>
    <ClCompile Include="..\NLEFrameOperate_iid.cpp">
      <Filter>源文件</Filter>
    </ClCompile>
    <ClCompile Include="..\NLEListener_iid.cpp">
      <Filter>源文件</Filter>
    </ClCompile>
    <ClCompile Include="..\NLELogger_iid.cpp">
      <Filter>源文件</Filter>
    </ClCompile>
    <ClCompile Include="..\NLEMedia_iid.cpp">
      <Filter>源文件</Filter>
    </ClCompile>
    <ClCompile Include="..\NLEMontage_iid.cpp">
      <Filter>源文件</Filter>
    </ClCompile>
    <ClCompile Include="..\NLEPlayer_iid.cpp">
      <Filter>源文件</Filter>
    </ClCompile>
    <ClCompile Include="..\NLEProperties_iid.cpp">
      <Filter>源文件</Filter>
    </ClCompile>
    <ClCompile Include="..\NLERender_iid.cpp">
      <Filter>源文件</Filter>
    </ClCompile>
    <ClCompile Include="..\NLERepository_iid.cpp">
      <Filter>源文件</Filter>
    </ClCompile>
    <ClCompile Include="..\NLESerialize_iid.cpp">
      <Filter>源文件</Filter>
    </ClCompile>
    <ClCompile Include="..\NLEService_iid.cpp">
      <Filter>源文件</Filter>
    </ClCompile>
    <ClCompile Include="..\NLESource_iid.cpp">
      <Filter>源文件</Filter>
    </ClCompile>
    <ClCompile Include="..\NLETransition_iid.cpp">
      <Filter>源文件</Filter>
    </ClCompile>
    <ClCompile Include="..\NLEVideoFilter_iid.cpp">
      <Filter>源文件</Filter>
    </ClCompile>
    <ClCompile Include="..\NLEXml_iid.cpp">
      <Filter>源文件</Filter>
    </ClCompile>
    <ClCompile Include="..\NLEDocumentSerialize_iid.cpp">
      <Filter>源文件</Filter>
    </ClCompile>
    <ClCompile Include="..\NLETimelineInfo_iid.cpp">
      <Filter>源文件</Filter>
    </ClCompile>
    <ClCompile Include="..\NLEClonable_iid.cpp">
      <Filter>源文件</Filter>
    </ClCompile>
    <ClCompile Include="..\NLEPreProcess_iid.cpp">
      <Filter>源文件</Filter>
    </ClCompile>
    <ClCompile Include="..\NLEAnimationTimeline_iid.cpp">
      <Filter>源文件</Filter>
    </ClCompile>
    <ClCompile Include="..\LadspaPlugin_iid.cpp">
      <Filter>源文件</Filter>
    </ClCompile>
    <ClCompile Include="..\NLEGraphics_iid.cpp">
      <Filter>源文件</Filter>
    </ClCompile>
    <ClCompile Include="..\NLEProcessInfo_iid.cpp">
      <Filter>源文件</Filter>
    </ClCompile>
    <ClCompile Include="..\NLEIterator_iid.cpp">
      <Filter>源文件</Filter>
    </ClCompile>
    <ClCompile Include="..\FrameRateCalculator_iid.cpp">
      <Filter>源文件</Filter>
    </ClCompile>
    <ClCompile Include="..\DecMgr_iid.cpp">
      <Filter>源文件</Filter>
    </ClCompile>
    <ClCompile Include="..\CommonInterface_iid.cpp">
      <Filter>源文件</Filter>
    </ClCompile>
    <ClCompile Include="..\NLEStream_iid.cpp">
      <Filter>源文件</Filter>
    </ClCompile>
    <ClCompile Include="..\ClassFactory_iid.cpp">
      <Filter>源文件</Filter>
    </ClCompile>
    <ClCompile Include="..\NLEFontLibrary_iid.cpp">
      <Filter>源文件</Filter>
    </ClCompile>
    <ClCompile Include="..\NLEAudioPack_iid.cpp">
      <Filter>源文件</Filter>
    </ClCompile>
    <ClCompile Include="..\NLEBitmap_iid.cpp">
      <Filter>源文件</Filter>
    </ClCompile>
    <ClCompile Include="..\NLEImageProc_iid.cpp">
      <Filter>源文件</Filter>
    </ClCompile>
    <ClCompile Include="..\NLEVideoStabilizer_iid.cpp">
      <Filter>源文件</Filter>
    </ClCompile>
    <ClCompile Include="..\VideoStabilizer_iid.cpp">
      <Filter>源文件</Filter>
    </ClCompile>
    <ClCompile Include="..\NLEThreadPool_iid.cpp">
      <Filter>源文件</Filter>
    </ClCompile>
    <ClCompile Include="..\NLEPostProcess_iid.cpp">
      <Filter>源文件</Filter>
    </ClCompile>
    <ClCompile Include="..\NLECGGraphics_iid.cpp">
      <Filter>源文件</Filter>
    </ClCompile>
    <ClCompile Include="..\AudioSlider_iid.cpp">
      <Filter>源文件</Filter>
    </ClCompile>
    <ClCompile Include="..\VideoBackVirtualFilesSys_iid.cpp">
      <Filter>源文件</Filter>
    </ClCompile>
    <ClCompile Include="..\NLEAsyncTask_iid.cpp">
      <Filter>源文件</Filter>
    </ClCompile>
    <ClCompile Include="..\NLEMarkdown_iid.cpp">
      <Filter>源文件</Filter>
    </ClCompile>
    <ClCompile Include="..\NLE3DScene_iid.cpp">
      <Filter>源文件</Filter>
    </ClCompile>
    <ClCompile Include="..\NLEEnvironment_iid.cpp">
      <Filter>源文件</Filter>
    </ClCompile>
    <ClCompile Include="..\NLELightRoomProcessor_iid.cpp">
      <Filter>源文件</Filter>
    </ClCompile>
    <ClCompile Include="..\NLERepair_iid.cpp">
      <Filter>源文件</Filter>
    </ClCompile>
    <ClCompile Include="..\NLEActionCam_iid.cpp">
      <Filter>源文件</Filter>
    </ClCompile>
    <ClCompile Include="..\NLEResLocator_iid.cpp">
      <Filter>源文件</Filter>
    </ClCompile>
    <ClCompile Include="..\NLEEditBase_iid.cpp">
      <Filter>源文件</Filter>
    </ClCompile>
  </ItemGroup>
  <ItemGroup>
    <None Include="NLEGUID.def" />
  </ItemGroup>
</Project>