<?xml version="1.0" encoding="utf-8"?>
<Project ToolsVersion="4.0" xmlns="http://schemas.microsoft.com/developer/msbuild/2003">
  <ItemGroup>
    <Filter Include="Source Files">
      <UniqueIdentifier>{4FC737F1-C7A5-4376-A066-2A32D752A2FF}</UniqueIdentifier>
      <Extensions>cpp;cxx;c;def</Extensions>
    </Filter>
    <Filter Include="Header Files">
      <UniqueIdentifier>{93995380-89BD-4b04-88EB-625FBE52EBFB}</UniqueIdentifier>
      <Extensions>h</Extensions>
    </Filter>
    <Filter Include="Form Files">
      <UniqueIdentifier>{99349809-55BA-4b9d-BF79-8FDBB0286EB3}</UniqueIdentifier>
      <Extensions>ui</Extensions>
    </Filter>
    <Filter Include="Resource Files">
      <UniqueIdentifier>{D9D6E242-F8AF-46E4-B9FD-80ECBC20BA3E}</UniqueIdentifier>
      <Extensions>qrc;*</Extensions>
      <ParseFiles>false</ParseFiles>
    </Filter>
    <Filter Include="Generated Files">
      <UniqueIdentifier>{71ED8ED8-ACB9-4CE9-BBE1-E00B30144E11}</UniqueIdentifier>
      <Extensions>moc;h;cpp</Extensions>
      <SourceControlFiles>False</SourceControlFiles>
    </Filter>
    <Filter Include="Interfaces">
      <UniqueIdentifier>{b355c02b-05a1-40fb-b984-aba737df1f83}</UniqueIdentifier>
    </Filter>
    <Filter Include="Generated Files\Debug">
      <UniqueIdentifier>{85e8c753-57cf-4804-87bd-085e728c4d77}</UniqueIdentifier>
      <Extensions>cpp;moc</Extensions>
      <SourceControlFiles>False</SourceControlFiles>
    </Filter>
    <Filter Include="Generated Files\Release">
      <UniqueIdentifier>{27033243-b676-403b-b125-1e6eccf6dae1}</UniqueIdentifier>
      <Extensions>cpp;moc</Extensions>
      <SourceControlFiles>False</SourceControlFiles>
    </Filter>
    <Filter Include="NLEWraper">
      <UniqueIdentifier>{63988300-8f74-4083-ad19-c7b93b8e8b06}</UniqueIdentifier>
    </Filter>
    <Filter Include="Interfaces\NLEWraper">
      <UniqueIdentifier>{7a2c82fd-ff26-474f-9004-31d9698ae8d4}</UniqueIdentifier>
    </Filter>
  </ItemGroup>
  <ItemGroup>
    <ClCompile Include="RegexOperation.cpp">
      <Filter>Source Files</Filter>
    </ClCompile>
    <ClCompile Include="XmlOperation.cpp">
      <Filter>Source Files</Filter>
    </ClCompile>
    <ClCompile Include="PathOperation.cpp">
      <Filter>Source Files</Filter>
    </ClCompile>
    <ClCompile Include="FileOperation.cpp">
      <Filter>Source Files</Filter>
    </ClCompile>
    <ClCompile Include="RenderOperation.cpp">
      <Filter>Source Files</Filter>
    </ClCompile>
    <ClCompile Include="NLEWraper\NLEWraper.cpp">
      <Filter>NLEWraper</Filter>
    </ClCompile>
    <ClCompile Include="NLEWraper\PlayerMaterProvider.cpp">
      <Filter>NLEWraper</Filter>
    </ClCompile>
    <ClCompile Include="NLEWraper\NLEWraperPrivate.cpp">
      <Filter>NLEWraper</Filter>
    </ClCompile>
    <ClCompile Include="GeneratedFiles\Debug\moc_NLEWraperPrivate.cpp">
      <Filter>Generated Files\Debug</Filter>
    </ClCompile>
    <ClCompile Include="GeneratedFiles\Release\moc_NLEWraperPrivate.cpp">
      <Filter>Generated Files\Release</Filter>
    </ClCompile>
    <ClCompile Include="GeneratedFiles\Debug\moc_PlayerMaterProviderPrivate.cpp">
      <Filter>Generated Files\Debug</Filter>
    </ClCompile>
    <ClCompile Include="GeneratedFiles\Release\moc_PlayerMaterProviderPrivate.cpp">
      <Filter>Generated Files\Release</Filter>
    </ClCompile>
    <ClCompile Include="stdafx.cpp">
      <Filter>Source Files</Filter>
    </ClCompile>
    <ClCompile Include="GeneratedFiles\Debug\moc_NLEWraper.cpp">
      <Filter>Generated Files\Debug</Filter>
    </ClCompile>
    <ClCompile Include="GeneratedFiles\Release\moc_NLEWraper.cpp">
      <Filter>Generated Files\Release</Filter>
    </ClCompile>
    <ClCompile Include="NLEWraper\WSCreateInstance.cpp">
      <Filter>NLEWraper</Filter>
    </ClCompile>
    <ClCompile Include="NLEWraper\PlayerMaterProviderPrivate.cpp">
      <Filter>NLEWraper</Filter>
    </ClCompile>
    <ClCompile Include="externalapi.cpp">
      <Filter>Source Files</Filter>
    </ClCompile>
    <ClCompile Include="GeneratedFiles\Debug\moc_NLEBaseWidget.cpp">
      <Filter>Generated Files\Debug</Filter>
    </ClCompile>
    <ClCompile Include="GeneratedFiles\Release\moc_NLEBaseWidget.cpp">
      <Filter>Generated Files\Release</Filter>
    </ClCompile>
    <ClCompile Include="NLEBaseWidget.cpp">
      <Filter>Source Files</Filter>
    </ClCompile>
    <ClCompile Include="CommonWidgets.cpp">
      <Filter>Source Files</Filter>
    </ClCompile>
    <ClCompile Include="GeneratedFiles\Debug\moc_CommonWidgets.cpp">
      <Filter>Generated Files\Debug</Filter>
    </ClCompile>
    <ClCompile Include="GeneratedFiles\Release\moc_CommonWidgets.cpp">
      <Filter>Generated Files\Release</Filter>
    </ClCompile>
    <ClCompile Include="GeneratedFiles\Debug\moc_timelineviewruler.cpp">
      <Filter>Generated Files\Debug</Filter>
    </ClCompile>
    <ClCompile Include="GeneratedFiles\Release\moc_timelineviewruler.cpp">
      <Filter>Generated Files\Release</Filter>
    </ClCompile>
    <ClCompile Include="timelineviewruler.cpp">
      <Filter>Source Files</Filter>
    </ClCompile>
    <ClCompile Include="GeneratedFiles\Debug\moc_TimelineRuler.cpp">
      <Filter>Generated Files\Debug</Filter>
    </ClCompile>
    <ClCompile Include="GeneratedFiles\Release\moc_TimelineRuler.cpp">
      <Filter>Generated Files\Release</Filter>
    </ClCompile>
    <ClCompile Include="GeneratedFiles\qrc_CommonLib.cpp">
      <Filter>Generated Files</Filter>
    </ClCompile>
    <ClCompile Include="NLEWraper\NLETimeline.cpp">
      <Filter>Source Files</Filter>
    </ClCompile>
    <ClCompile Include="GlobalResources.cpp">
      <Filter>Source Files</Filter>
    </ClCompile>
    <ClCompile Include="TopLevelWindowTitleBar_p.cpp">
      <Filter>Source Files</Filter>
    </ClCompile>
    <ClCompile Include="BaseDialog.cpp">
      <Filter>Source Files</Filter>
    </ClCompile>
    <ClCompile Include="ImageTextButton.cpp">
      <Filter>Source Files</Filter>
    </ClCompile>
    <ClCompile Include="GeneratedFiles\Debug\moc_ImageTextButton.cpp">
      <Filter>Generated Files\Debug</Filter>
    </ClCompile>
    <ClCompile Include="GeneratedFiles\Release\moc_ImageTextButton.cpp">
      <Filter>Generated Files\Release</Filter>
    </ClCompile>
    <ClCompile Include="StringOperation.cpp">
      <Filter>Source Files</Filter>
    </ClCompile>
    <ClCompile Include="GeneratedFiles\Debug\moc_PlayerMaterProvider.cpp">
      <Filter>Generated Files\Debug</Filter>
    </ClCompile>
    <ClCompile Include="GeneratedFiles\Release\moc_PlayerMaterProvider.cpp">
      <Filter>Generated Files\Release</Filter>
    </ClCompile>
    <ClCompile Include="GeneratedFiles\Debug\moc_NLETimeline.cpp">
      <Filter>Generated Files\Debug</Filter>
    </ClCompile>
    <ClCompile Include="GeneratedFiles\Release\moc_NLETimeline.cpp">
      <Filter>Generated Files\Release</Filter>
    </ClCompile>
    <ClCompile Include="GeneratedFiles\Debug\moc_BaseDialog.cpp">
      <Filter>Generated Files\Debug</Filter>
    </ClCompile>
    <ClCompile Include="GeneratedFiles\Release\moc_BaseDialog.cpp">
      <Filter>Generated Files\Release</Filter>
    </ClCompile>
    <ClCompile Include="GeneratedFiles\Debug\moc_DesktopMgr.cpp">
      <Filter>Generated Files\Debug</Filter>
    </ClCompile>
    <ClCompile Include="GeneratedFiles\Release\moc_DesktopMgr.cpp">
      <Filter>Generated Files\Release</Filter>
    </ClCompile>
    <ClCompile Include="DesktopMgr.cpp">
      <Filter>Source Files</Filter>
    </ClCompile>
    <ClCompile Include="GeneratedFiles\Debug\moc_TopLevelWindowTitleBar_p.cpp">
      <Filter>Generated Files\Debug</Filter>
    </ClCompile>
    <ClCompile Include="GeneratedFiles\Release\moc_TopLevelWindowTitleBar_p.cpp">
      <Filter>Generated Files\Release</Filter>
    </ClCompile>
    <ClCompile Include="GeneratedFiles\Debug\moc_TopLevelWindowTitleBar.cpp">
      <Filter>Generated Files\Debug</Filter>
    </ClCompile>
    <ClCompile Include="GeneratedFiles\Release\moc_TopLevelWindowTitleBar.cpp">
      <Filter>Generated Files\Release</Filter>
    </ClCompile>
    <ClCompile Include="DragValueChangedHelper.cpp">
      <Filter>Source Files</Filter>
    </ClCompile>
    <ClCompile Include="GeneratedFiles\Debug\moc_DragValueChangedHelper_p.cpp">
      <Filter>Generated Files\Debug</Filter>
    </ClCompile>
    <ClCompile Include="GeneratedFiles\Release\moc_DragValueChangedHelper_p.cpp">
      <Filter>Generated Files\Release</Filter>
    </ClCompile>
    <ClCompile Include="GeneratedFiles\Debug\moc_DragValueChangedHelper.cpp">
      <Filter>Generated Files\Debug</Filter>
    </ClCompile>
    <ClCompile Include="GeneratedFiles\Release\moc_DragValueChangedHelper.cpp">
      <Filter>Generated Files\Release</Filter>
    </ClCompile>
    <ClCompile Include="ColorSelecterComboBox.cpp">
      <Filter>Source Files</Filter>
    </ClCompile>
    <ClCompile Include="GeneratedFiles\Debug\moc_ColorSelecterComboBox.cpp">
      <Filter>Generated Files\Debug</Filter>
    </ClCompile>
    <ClCompile Include="GeneratedFiles\Release\moc_ColorSelecterComboBox.cpp">
      <Filter>Generated Files\Release</Filter>
    </ClCompile>
    <ClCompile Include="GeneratedFiles\Debug\moc_ColorSelecterComboBox_p.cpp">
      <Filter>Generated Files\Debug</Filter>
    </ClCompile>
    <ClCompile Include="GeneratedFiles\Release\moc_ColorSelecterComboBox_p.cpp">
      <Filter>Generated Files\Release</Filter>
    </ClCompile>
  </ItemGroup>
  <ItemGroup>
    <ClInclude Include="..\include\inc_CommonLib\commonlib_global.h">
      <Filter>Interfaces</Filter>
    </ClInclude>
    <ClInclude Include="..\include\inc_CommonLib\RegexOperation.h">
      <Filter>Interfaces</Filter>
    </ClInclude>
    <ClInclude Include="..\include\inc_CommonLib\XmlOperation.h">
      <Filter>Interfaces</Filter>
    </ClInclude>
    <ClInclude Include="..\include\inc_CommonLib\PathOperation.h">
      <Filter>Interfaces</Filter>
    </ClInclude>
    <ClInclude Include="..\include\inc_CommonLib\FileOperation.h">
      <Filter>Interfaces</Filter>
    </ClInclude>
    <ClInclude Include="..\include\inc_CommonLib\RenderOperation.h">
      <Filter>Interfaces</Filter>
    </ClInclude>
    <ClInclude Include="stdafx.h">
      <Filter>Header Files</Filter>
    </ClInclude>
    <ClInclude Include="..\include\inc_CommonLib\externalapi.h">
      <Filter>Interfaces</Filter>
    </ClInclude>
    <ClInclude Include="resource.h">
      <Filter>Header Files</Filter>
    </ClInclude>
    <ClInclude Include="..\include\inc_CommonLib\StringOperation.h">
      <Filter>Interfaces</Filter>
    </ClInclude>
  </ItemGroup>
  <ItemGroup>
    <CustomBuild Include="..\include\inc_CommonLib\NLEWraper.h">
      <Filter>Interfaces\NLEWraper</Filter>
    </CustomBuild>
    <CustomBuild Include="NLEWraper\NLEWraperPrivate.h">
      <Filter>NLEWraper</Filter>
    </CustomBuild>
    <CustomBuild Include="NLEWraper\PlayerMaterProviderPrivate.h">
      <Filter>NLEWraper</Filter>
    </CustomBuild>
    <CustomBuild Include="..\include\inc_CommonLib\NLEBaseWidget.h">
      <Filter>Interfaces</Filter>
    </CustomBuild>
    <CustomBuild Include="..\include\inc_CommonLib\CommonWidgets.h">
      <Filter>Interfaces</Filter>
    </CustomBuild>
    <CustomBuild Include="timelineviewruler.h">
      <Filter>Header Files</Filter>
    </CustomBuild>
    <CustomBuild Include="..\include\inc_CommonLib\TimelineRuler.h">
      <Filter>Interfaces</Filter>
    </CustomBuild>
    <CustomBuild Include="CommonLib.qrc">
      <Filter>Resource Files</Filter>
    </CustomBuild>
    <CustomBuild Include="..\include\inc_CommonLib\GlobalResources.h">
      <Filter>Interfaces</Filter>
    </CustomBuild>
    <CustomBuild Include="GlobalResources_p.h">
      <Filter>Header Files</Filter>
    </CustomBuild>
    <CustomBuild Include="..\include\inc_CommonLib\PlayerMaterProvider.h">
      <Filter>Interfaces\NLEWraper</Filter>
    </CustomBuild>
    <CustomBuild Include="..\include\inc_CommonLib\NLETimeline.h">
      <Filter>Interfaces\NLEWraper</Filter>
    </CustomBuild>
    <CustomBuild Include="..\include\inc_CommonLib\BaseDialog.h">
      <Filter>Interfaces</Filter>
    </CustomBuild>
    <CustomBuild Include="..\include\inc_CommonLib\DesktopMgr.h">
      <Filter>Interfaces</Filter>
    </CustomBuild>
    <CustomBuild Include="TopLevelWindowTitleBar_p.h">
      <Filter>Header Files</Filter>
    </CustomBuild>
    <CustomBuild Include="..\include\inc_CommonLib\TopLevelWindowTitleBar.h">
      <Filter>Interfaces</Filter>
    </CustomBuild>
    <CustomBuild Include="..\include\inc_CommonLib\DragValueChangedHelper.h">
      <Filter>Interfaces</Filter>
    </CustomBuild>
    <CustomBuild Include="DragValueChangedHelper_p.h">
      <Filter>Header Files</Filter>
    </CustomBuild>
    <CustomBuild Include="..\include\inc_CommonLib\ImageTextButton.h">
      <Filter>Interfaces</Filter>
    </CustomBuild>
    <CustomBuild Include="..\include\inc_CommonLib\ColorSelecterComboBox.h">
      <Filter>Interfaces</Filter>
    </CustomBuild>
    <CustomBuild Include="ColorSelecterComboBox_p.h">
      <Filter>Header Files</Filter>
    </CustomBuild>
  </ItemGroup>
</Project>