<?xml version="1.0" encoding="utf-8"?>
<Project ToolsVersion="4.0" xmlns="http://schemas.microsoft.com/developer/msbuild/2003">
  <ItemGroup>
    <Filter Include="Source Files">
      <UniqueIdentifier>{4FC737F1-C7A5-4376-A066-2A32D752A2FF}</UniqueIdentifier>
      <Extensions>cpp;cxx;c;def</Extensions>
    </Filter>
    <Filter Include="Header Files">
      <UniqueIdentifier>{93995380-89BD-4b04-88EB-625FBE52EBFB}</UniqueIdentifier>
      <Extensions>h</Extensions>
    </Filter>
    <Filter Include="Form Files">
      <UniqueIdentifier>{99349809-55BA-4b9d-BF79-8FDBB0286EB3}</UniqueIdentifier>
      <Extensions>ui</Extensions>
    </Filter>
    <Filter Include="Resource Files">
      <UniqueIdentifier>{D9D6E242-F8AF-46E4-B9FD-80ECBC20BA3E}</UniqueIdentifier>
      <Extensions>qrc;*</Extensions>
      <ParseFiles>false</ParseFiles>
    </Filter>
    <Filter Include="Generated Files">
      <UniqueIdentifier>{71ED8ED8-ACB9-4CE9-BBE1-E00B30144E11}</UniqueIdentifier>
      <Extensions>moc;h;cpp</Extensions>
      <SourceControlFiles>False</SourceControlFiles>
    </Filter>
    <Filter Include="Interface">
      <UniqueIdentifier>{631bb8d4-4a58-4214-a2ba-02440a3e29a2}</UniqueIdentifier>
    </Filter>
    <Filter Include="Generated Files\Debug">
      <UniqueIdentifier>{1d623a32-2708-4429-bf85-9dcb8c011b4b}</UniqueIdentifier>
      <Extensions>cpp;moc</Extensions>
      <SourceControlFiles>False</SourceControlFiles>
    </Filter>
    <Filter Include="Generated Files\Release">
      <UniqueIdentifier>{873ddff0-7193-465c-87d3-1c75d7378738}</UniqueIdentifier>
      <Extensions>cpp;moc</Extensions>
      <SourceControlFiles>False</SourceControlFiles>
    </Filter>
    <Filter Include="Translation Files">
      <UniqueIdentifier>{639EADAA-A684-42e4-A9AD-28FC9BCB8F7C}</UniqueIdentifier>
      <Extensions>ts</Extensions>
      <ParseFiles>false</ParseFiles>
    </Filter>
    <Filter Include="Source Files\GoogleAnalyze">
      <UniqueIdentifier>{015385c1-6886-4ea0-a75c-9de062384592}</UniqueIdentifier>
    </Filter>
  </ItemGroup>
  <ItemGroup>
    <ClCompile Include="stdafx.cpp">
      <Filter>Source Files</Filter>
    </ClCompile>
    <ClCompile Include="FSCommonLib.cpp">
      <Filter>Source Files</Filter>
    </ClCompile>
    <ClCompile Include="GeneratedFiles\Debug\moc_FSNLETimeline.cpp">
      <Filter>Generated Files\Debug</Filter>
    </ClCompile>
    <ClCompile Include="GeneratedFiles\Release\moc_FSNLETimeline.cpp">
      <Filter>Generated Files\Release</Filter>
    </ClCompile>
    <ClCompile Include="FSNLETimeline.cpp">
      <Filter>Source Files</Filter>
    </ClCompile>
    <ClCompile Include="GeneratedFiles\Debug\moc_FSCommonWidget.cpp">
      <Filter>Generated Files\Debug</Filter>
    </ClCompile>
    <ClCompile Include="GeneratedFiles\Release\moc_FSCommonWidget.cpp">
      <Filter>Generated Files\Release</Filter>
    </ClCompile>
    <ClCompile Include="FSCommonWidget.cpp">
      <Filter>Source Files</Filter>
    </ClCompile>
    <ClCompile Include="GeneratedFiles\Debug\moc_VolumeSlider.cpp">
      <Filter>Generated Files\Debug</Filter>
    </ClCompile>
    <ClCompile Include="GeneratedFiles\Release\moc_VolumeSlider.cpp">
      <Filter>Generated Files\Release</Filter>
    </ClCompile>
    <ClCompile Include="VolumeSlider.cpp">
      <Filter>Source Files</Filter>
    </ClCompile>
    <ClCompile Include="GeneratedFiles\Debug\moc_VolumeSlider_p.cpp">
      <Filter>Generated Files\Debug</Filter>
    </ClCompile>
    <ClCompile Include="GeneratedFiles\Release\moc_VolumeSlider_p.cpp">
      <Filter>Generated Files\Release</Filter>
    </ClCompile>
    <ClCompile Include="GeneratedFiles\qrc_CommonLib.cpp">
      <Filter>Generated Files</Filter>
    </ClCompile>
    <ClCompile Include="ExternalAPI.cpp">
      <Filter>Source Files</Filter>
    </ClCompile>
    <ClCompile Include="FSProjectMgr.cpp">
      <Filter>Source Files</Filter>
    </ClCompile>
    <ClCompile Include="FSProjectMgrPrivate.cpp">
      <Filter>Source Files</Filter>
    </ClCompile>
    <ClCompile Include="FSListWidget.cpp">
      <Filter>Source Files</Filter>
    </ClCompile>
    <ClCompile Include="GeneratedFiles\Debug\moc_FSListWidget.cpp">
      <Filter>Generated Files\Debug</Filter>
    </ClCompile>
    <ClCompile Include="GeneratedFiles\Release\moc_FSListWidget.cpp">
      <Filter>Generated Files\Release</Filter>
    </ClCompile>
    <ClCompile Include="GeneratedFiles\Debug\moc_FSListWidgetPrivate.cpp">
      <Filter>Generated Files\Debug</Filter>
    </ClCompile>
    <ClCompile Include="GeneratedFiles\Release\moc_FSListWidgetPrivate.cpp">
      <Filter>Generated Files\Release</Filter>
    </ClCompile>
    <ClCompile Include="MediaImportDlg.cpp">
      <Filter>Source Files</Filter>
    </ClCompile>
    <ClCompile Include="GeneratedFiles\Debug\moc_MediaImportDlg.cpp">
      <Filter>Generated Files\Debug</Filter>
    </ClCompile>
    <ClCompile Include="GeneratedFiles\Release\moc_MediaImportDlg.cpp">
      <Filter>Generated Files\Release</Filter>
    </ClCompile>
    <ClCompile Include="GlobalDefine.cpp">
      <Filter>Source Files</Filter>
    </ClCompile>
    <ClCompile Include="ListWidgetBase.cpp">
      <Filter>Source Files</Filter>
    </ClCompile>
    <ClCompile Include="GeneratedFiles\Debug\moc_ListWidgetBase.cpp">
      <Filter>Generated Files\Debug</Filter>
    </ClCompile>
    <ClCompile Include="GeneratedFiles\Release\moc_ListWidgetBase.cpp">
      <Filter>Generated Files\Release</Filter>
    </ClCompile>
    <ClCompile Include="ListItemDataBase.cpp">
      <Filter>Source Files</Filter>
    </ClCompile>
    <ClCompile Include="GeneratedFiles\Debug\moc_ListItemDataBase.cpp">
      <Filter>Generated Files\Debug</Filter>
    </ClCompile>
    <ClCompile Include="GeneratedFiles\Release\moc_ListItemDataBase.cpp">
      <Filter>Generated Files\Release</Filter>
    </ClCompile>
    <ClCompile Include="ExportWarringDlg.cpp">
      <Filter>Source Files</Filter>
    </ClCompile>
    <ClCompile Include="GeneratedFiles\Debug\moc_ExportWarringDlg.cpp">
      <Filter>Generated Files\Debug</Filter>
    </ClCompile>
    <ClCompile Include="GeneratedFiles\Release\moc_ExportWarringDlg.cpp">
      <Filter>Generated Files\Release</Filter>
    </ClCompile>
    <ClCompile Include="CBSUrlReader.cpp">
      <Filter>Source Files</Filter>
    </ClCompile>
    <ClCompile Include="GeneratedFiles\Debug\moc_CBSUrlReader.cpp">
      <Filter>Generated Files\Debug</Filter>
    </ClCompile>
    <ClCompile Include="GeneratedFiles\Release\moc_CBSUrlReader.cpp">
      <Filter>Generated Files\Release</Filter>
    </ClCompile>
    <ClCompile Include="TimelinePropertyDialog.cpp">
      <Filter>Source Files</Filter>
    </ClCompile>
    <ClCompile Include="GeneratedFiles\Debug\moc_TimelinePropertyDialog.cpp">
      <Filter>Generated Files\Debug</Filter>
    </ClCompile>
    <ClCompile Include="GeneratedFiles\Release\moc_TimelinePropertyDialog.cpp">
      <Filter>Generated Files\Release</Filter>
    </ClCompile>
    <ClCompile Include="GeneratedFiles\Debug\moc_TimelinePropertyDialog_p.cpp">
      <Filter>Generated Files\Debug</Filter>
    </ClCompile>
    <ClCompile Include="GeneratedFiles\Release\moc_TimelinePropertyDialog_p.cpp">
      <Filter>Generated Files\Release</Filter>
    </ClCompile>
    <ClCompile Include="TUATracker.cpp">
      <Filter>Source Files\GoogleAnalyze</Filter>
    </ClCompile>
    <ClCompile Include="gathread.cpp">
      <Filter>Source Files\GoogleAnalyze</Filter>
    </ClCompile>
    <ClCompile Include="GeneratedFiles\Debug\moc_gathread.cpp">
      <Filter>Generated Files\Debug</Filter>
    </ClCompile>
    <ClCompile Include="GeneratedFiles\Release\moc_gathread.cpp">
      <Filter>Generated Files\Release</Filter>
    </ClCompile>
    <ClCompile Include="MultiLangMgr.cpp">
      <Filter>Source Files</Filter>
    </ClCompile>
    <ClCompile Include="GeneratedFiles\Debug\moc_MultiLangMgr.cpp">
      <Filter>Generated Files\Debug</Filter>
    </ClCompile>
    <ClCompile Include="GeneratedFiles\Release\moc_MultiLangMgr.cpp">
      <Filter>Generated Files\Release</Filter>
    </ClCompile>
    <ClCompile Include="GeneratedFiles\Debug\moc_ExternalAPI.cpp">
      <Filter>Generated Files\Debug</Filter>
    </ClCompile>
    <ClCompile Include="GeneratedFiles\Release\moc_ExternalAPI.cpp">
      <Filter>Generated Files\Release</Filter>
    </ClCompile>
    <ClCompile Include="DesktopRectangleMgr.cpp">
      <Filter>Source Files</Filter>
    </ClCompile>
    <ClCompile Include="GeneratedFiles\Debug\moc_DesktopRectangleMgr.cpp">
      <Filter>Generated Files\Debug</Filter>
    </ClCompile>
    <ClCompile Include="GeneratedFiles\Release\moc_DesktopRectangleMgr.cpp">
      <Filter>Generated Files\Release</Filter>
    </ClCompile>
    <ClCompile Include="FSTipWidget.cpp">
      <Filter>Source Files</Filter>
    </ClCompile>
    <ClCompile Include="GeneratedFiles\Debug\moc_FSTipWidget.cpp">
      <Filter>Generated Files\Debug</Filter>
    </ClCompile>
    <ClCompile Include="GeneratedFiles\Release\moc_FSTipWidget.cpp">
      <Filter>Generated Files\Release</Filter>
    </ClCompile>
    <ClCompile Include="ProjectSavingMgr.cpp">
      <Filter>Source Files</Filter>
    </ClCompile>
    <ClCompile Include="GeneratedFiles\Debug\moc_ProjectSavingMgr.cpp">
      <Filter>Generated Files\Debug</Filter>
    </ClCompile>
    <ClCompile Include="GeneratedFiles\Release\moc_ProjectSavingMgr.cpp">
      <Filter>Generated Files\Release</Filter>
    </ClCompile>
  </ItemGroup>
  <ItemGroup>
    <ClInclude Include="stdafx.h">
      <Filter>Header Files</Filter>
    </ClInclude>
    <ClInclude Include="FSCommonLib.h">
      <Filter>Header Files</Filter>
    </ClInclude>
    <ClInclude Include="..\include\inc_FSCommonlib\fscommonlib_global.h">
      <Filter>Interface</Filter>
    </ClInclude>
    <ClInclude Include="..\include\inc_FSCommonlib\GlobalDefine.h">
      <Filter>Interface</Filter>
    </ClInclude>
    <ClInclude Include="..\include\inc_FSCommonlib\TUATracker.h">
      <Filter>Interface</Filter>
    </ClInclude>
  </ItemGroup>
  <ItemGroup>
    <CustomBuild Include="..\include\inc_FSCommonlib\FSNLETimeline.h">
      <Filter>Interface</Filter>
    </CustomBuild>
    <CustomBuild Include="..\include\inc_FSCommonlib\FSCommonWidget.h">
      <Filter>Interface</Filter>
    </CustomBuild>
    <CustomBuild Include="..\include\inc_FSCommonlib\VolumeSlider.h">
      <Filter>Interface</Filter>
    </CustomBuild>
    <CustomBuild Include="VolumeSlider_p.h">
      <Filter>Header Files</Filter>
    </CustomBuild>
    <CustomBuild Include="CommonLib.qrc">
      <Filter>Resource Files</Filter>
    </CustomBuild>
    <CustomBuild Include="..\include\inc_FSCommonlib\FSProjectMgr.h">
      <Filter>Interface</Filter>
    </CustomBuild>
    <CustomBuild Include="FSProjectMgrPrivate.h">
      <Filter>Header Files</Filter>
    </CustomBuild>
    <CustomBuild Include="..\include\inc_FSCommonlib\FSListWidget.h">
      <Filter>Interface</Filter>
    </CustomBuild>
    <CustomBuild Include="FSListWidgetPrivate.h">
      <Filter>Header Files</Filter>
    </CustomBuild>
    <CustomBuild Include="..\include\inc_FSCommonlib\MediaImportDlg.h">
      <Filter>Interface</Filter>
    </CustomBuild>
    <CustomBuild Include="..\include\inc_FSCommonlib\ListWidgetBase.h">
      <Filter>Interface</Filter>
    </CustomBuild>
    <CustomBuild Include="..\include\inc_FSCommonlib\ListItemDataBase.h">
      <Filter>Interface</Filter>
    </CustomBuild>
    <CustomBuild Include="..\include\inc_FSCommonlib\ExportWarringDlg.h">
      <Filter>Interface</Filter>
    </CustomBuild>
    <CustomBuild Include="..\include\inc_FSCommonlib\CBSUrlReader.h">
      <Filter>Interface</Filter>
    </CustomBuild>
    <CustomBuild Include="TimelinePropertyDialog_p.h">
      <Filter>Header Files</Filter>
    </CustomBuild>
    <CustomBuild Include="..\include\inc_FSCommonlib\TimelinePropertyDialog.h">
      <Filter>Interface</Filter>
    </CustomBuild>
    <CustomBuild Include="..\include\inc_FSCommonlib\gathread.h">
      <Filter>Interface</Filter>
    </CustomBuild>
    <CustomBuild Include="..\include\inc_FSCommonlib\MultiLangMgr.h">
      <Filter>Interface</Filter>
    </CustomBuild>
    <CustomBuild Include="..\include\inc_FSCommonlib\ExternalAPI.h">
      <Filter>Interface</Filter>
    </CustomBuild>
    <CustomBuild Include="..\include\inc_FSCommonlib\DesktopRectangleMgr.h">
      <Filter>Interface</Filter>
    </CustomBuild>
    <CustomBuild Include="..\include\inc_FSCommonlib\FSTipWidget.h">
      <Filter>Interface</Filter>
    </CustomBuild>
    <CustomBuild Include="..\include\inc_FSCommonlib\ProjectSavingMgr.h">
      <Filter>Interface</Filter>
    </CustomBuild>
  </ItemGroup>
  <ItemGroup>
    <None Include="FSCommonlib_de.ts">
      <Filter>Translation Files</Filter>
    </None>
    <None Include="FSCommonlib_en.ts">
      <Filter>Translation Files</Filter>
    </None>
    <None Include="FSCommonlib_pt.ts">
      <Filter>Translation Files</Filter>
    </None>
    <None Include="FSCommonlib_es.ts">
      <Filter>Translation Files</Filter>
    </None>
    <None Include="FSCommonlib_it.ts">
      <Filter>Translation Files</Filter>
    </None>
    <None Include="FSCommonlib_fr.ts">
      <Filter>Translation Files</Filter>
    </None>
    <None Include="fscommonlib_ja.ts">
      <Filter>Translation Files</Filter>
    </None>
  </ItemGroup>
</Project>