
Microsoft Visual Studio Solution File, Format Version 12.00
# Visual Studio 2013
VisualStudioVersion = 12.0.21005.1
MinimumVisualStudioVersion = 10.0.40219.1
Project("{8BC9CEB8-8B4A-11D0-8D11-00A0C91BC942}") = "FCommonLib", "FCommonLib\FCommonLib.vcxproj", "{B3F5C59B-2509-4ACE-8465-6E1D45492C93}"
EndProject
Project("{8BC9CEB8-8B4A-11D0-8D11-00A0C91BC942}") = "FPropertyPanel", "FPropertyPanel\FPropertyPanel.vcxproj", "{84EF7BD8-A92E-4CE8-A3B9-4B283E656D79}"
	ProjectSection(ProjectDependencies) = postProject
		{87E47000-9310-4EB5-A72A-7B4143C503F2} = {87E47000-9310-4EB5-A72A-7B4143C503F2}
		{B3F5C59B-2509-4ACE-8465-6E1D45492C93} = {B3F5C59B-2509-4ACE-8465-6E1D45492C93}
	EndProjectSection
EndProject
Project("{8BC9CEB8-8B4A-11D0-8D11-00A0C91BC942}") = "FMediaPlayerView", "FMediaPlayerView\FMediaPlayerView.vcxproj", "{CED093D3-07B9-4966-AE4F-65F9759B7712}"
EndProject
Project("{8BC9CEB8-8B4A-11D0-8D11-00A0C91BC942}") = "FMatterView", "FMatterView\FMatterView.vcxproj", "{DF9B5FFC-8DD4-45CD-AA4A-06F67E61A7CA}"
EndProject
Project("{8BC9CEB8-8B4A-11D0-8D11-00A0C91BC942}") = "Filmora", "Filmora\Filmora.vcxproj", "{B12702AD-ABFB-343A-A199-8E24837244A3}"
	ProjectSection(ProjectDependencies) = postProject
		{87E47000-9310-4EB5-A72A-7B4143C503F2} = {87E47000-9310-4EB5-A72A-7B4143C503F2}
		{B5C58E8A-DC8D-4A8C-AD50-7F653821553C} = {B5C58E8A-DC8D-4A8C-AD50-7F653821553C}
		{B3F5C59B-2509-4ACE-8465-6E1D45492C93} = {B3F5C59B-2509-4ACE-8465-6E1D45492C93}
		{CED093D3-07B9-4966-AE4F-65F9759B7712} = {CED093D3-07B9-4966-AE4F-65F9759B7712}
		{84EF7BD8-A92E-4CE8-A3B9-4B283E656D79} = {84EF7BD8-A92E-4CE8-A3B9-4B283E656D79}
		{DF9B5FFC-8DD4-45CD-AA4A-06F67E61A7CA} = {DF9B5FFC-8DD4-45CD-AA4A-06F67E61A7CA}
	EndProjectSection
EndProject
Project("{8BC9CEB8-8B4A-11D0-8D11-00A0C91BC942}") = "FProject", "FProject\FProject.vcxproj", "{87E47000-9310-4EB5-A72A-7B4143C503F2}"
EndProject
Project("{8BC9CEB8-8B4A-11D0-8D11-00A0C91BC942}") = "FTimelineView", "FTimelineView\FTimelineView.vcxproj", "{B5C58E8A-DC8D-4A8C-AD50-7F653821553C}"
	ProjectSection(ProjectDependencies) = postProject
		{87E47000-9310-4EB5-A72A-7B4143C503F2} = {87E47000-9310-4EB5-A72A-7B4143C503F2}
		{B3F5C59B-2509-4ACE-8465-6E1D45492C93} = {B3F5C59B-2509-4ACE-8465-6E1D45492C93}
	EndProjectSection
EndProject
Global
	GlobalSection(SolutionConfigurationPlatforms) = preSolution
		Debug|Win32 = Debug|Win32
		Debug|x64 = Debug|x64
		Release|Win32 = Release|Win32
		Release|x64 = Release|x64
	EndGlobalSection
	GlobalSection(ProjectConfigurationPlatforms) = postSolution
		{B3F5C59B-2509-4ACE-8465-6E1D45492C93}.Debug|Win32.ActiveCfg = Debug|Win32
		{B3F5C59B-2509-4ACE-8465-6E1D45492C93}.Debug|Win32.Build.0 = Debug|Win32
		{B3F5C59B-2509-4ACE-8465-6E1D45492C93}.Debug|x64.ActiveCfg = Debug|x64
		{B3F5C59B-2509-4ACE-8465-6E1D45492C93}.Debug|x64.Build.0 = Debug|x64
		{B3F5C59B-2509-4ACE-8465-6E1D45492C93}.Release|Win32.ActiveCfg = Release|Win32
		{B3F5C59B-2509-4ACE-8465-6E1D45492C93}.Release|Win32.Build.0 = Release|Win32
		{B3F5C59B-2509-4ACE-8465-6E1D45492C93}.Release|x64.ActiveCfg = Release|x64
		{B3F5C59B-2509-4ACE-8465-6E1D45492C93}.Release|x64.Build.0 = Release|x64
		{84EF7BD8-A92E-4CE8-A3B9-4B283E656D79}.Debug|Win32.ActiveCfg = Debug|Win32
		{84EF7BD8-A92E-4CE8-A3B9-4B283E656D79}.Debug|Win32.Build.0 = Debug|Win32
		{84EF7BD8-A92E-4CE8-A3B9-4B283E656D79}.Debug|x64.ActiveCfg = Debug|x64
		{84EF7BD8-A92E-4CE8-A3B9-4B283E656D79}.Debug|x64.Build.0 = Debug|x64
		{84EF7BD8-A92E-4CE8-A3B9-4B283E656D79}.Release|Win32.ActiveCfg = Release|Win32
		{84EF7BD8-A92E-4CE8-A3B9-4B283E656D79}.Release|Win32.Build.0 = Release|Win32
		{84EF7BD8-A92E-4CE8-A3B9-4B283E656D79}.Release|x64.ActiveCfg = Release|x64
		{84EF7BD8-A92E-4CE8-A3B9-4B283E656D79}.Release|x64.Build.0 = Release|x64
		{CED093D3-07B9-4966-AE4F-65F9759B7712}.Debug|Win32.ActiveCfg = Debug|Win32
		{CED093D3-07B9-4966-AE4F-65F9759B7712}.Debug|Win32.Build.0 = Debug|Win32
		{CED093D3-07B9-4966-AE4F-65F9759B7712}.Debug|x64.ActiveCfg = Debug|x64
		{CED093D3-07B9-4966-AE4F-65F9759B7712}.Debug|x64.Build.0 = Debug|x64
		{CED093D3-07B9-4966-AE4F-65F9759B7712}.Release|Win32.ActiveCfg = Release|Win32
		{CED093D3-07B9-4966-AE4F-65F9759B7712}.Release|Win32.Build.0 = Release|Win32
		{CED093D3-07B9-4966-AE4F-65F9759B7712}.Release|x64.ActiveCfg = Release|x64
		{CED093D3-07B9-4966-AE4F-65F9759B7712}.Release|x64.Build.0 = Release|x64
		{DF9B5FFC-8DD4-45CD-AA4A-06F67E61A7CA}.Debug|Win32.ActiveCfg = Debug|Win32
		{DF9B5FFC-8DD4-45CD-AA4A-06F67E61A7CA}.Debug|Win32.Build.0 = Debug|Win32
		{DF9B5FFC-8DD4-45CD-AA4A-06F67E61A7CA}.Debug|x64.ActiveCfg = Debug|x64
		{DF9B5FFC-8DD4-45CD-AA4A-06F67E61A7CA}.Debug|x64.Build.0 = Debug|x64
		{DF9B5FFC-8DD4-45CD-AA4A-06F67E61A7CA}.Release|Win32.ActiveCfg = Release|Win32
		{DF9B5FFC-8DD4-45CD-AA4A-06F67E61A7CA}.Release|Win32.Build.0 = Release|Win32
		{DF9B5FFC-8DD4-45CD-AA4A-06F67E61A7CA}.Release|x64.ActiveCfg = Release|x64
		{DF9B5FFC-8DD4-45CD-AA4A-06F67E61A7CA}.Release|x64.Build.0 = Release|x64
		{B12702AD-ABFB-343A-A199-8E24837244A3}.Debug|Win32.ActiveCfg = Debug|Win32
		{B12702AD-ABFB-343A-A199-8E24837244A3}.Debug|Win32.Build.0 = Debug|Win32
		{B12702AD-ABFB-343A-A199-8E24837244A3}.Debug|x64.ActiveCfg = Debug|x64
		{B12702AD-ABFB-343A-A199-8E24837244A3}.Debug|x64.Build.0 = Debug|x64
		{B12702AD-ABFB-343A-A199-8E24837244A3}.Release|Win32.ActiveCfg = Release|Win32
		{B12702AD-ABFB-343A-A199-8E24837244A3}.Release|Win32.Build.0 = Release|Win32
		{B12702AD-ABFB-343A-A199-8E24837244A3}.Release|x64.ActiveCfg = Release|x64
		{B12702AD-ABFB-343A-A199-8E24837244A3}.Release|x64.Build.0 = Release|x64
		{87E47000-9310-4EB5-A72A-7B4143C503F2}.Debug|Win32.ActiveCfg = Debug|Win32
		{87E47000-9310-4EB5-A72A-7B4143C503F2}.Debug|Win32.Build.0 = Debug|Win32
		{87E47000-9310-4EB5-A72A-7B4143C503F2}.Debug|x64.ActiveCfg = Debug|x64
		{87E47000-9310-4EB5-A72A-7B4143C503F2}.Debug|x64.Build.0 = Debug|x64
		{87E47000-9310-4EB5-A72A-7B4143C503F2}.Release|Win32.ActiveCfg = Release|Win32
		{87E47000-9310-4EB5-A72A-7B4143C503F2}.Release|Win32.Build.0 = Release|Win32
		{87E47000-9310-4EB5-A72A-7B4143C503F2}.Release|x64.ActiveCfg = Release|x64
		{87E47000-9310-4EB5-A72A-7B4143C503F2}.Release|x64.Build.0 = Release|x64
		{B5C58E8A-DC8D-4A8C-AD50-7F653821553C}.Debug|Win32.ActiveCfg = Debug|Win32
		{B5C58E8A-DC8D-4A8C-AD50-7F653821553C}.Debug|Win32.Build.0 = Debug|Win32
		{B5C58E8A-DC8D-4A8C-AD50-7F653821553C}.Debug|x64.ActiveCfg = Debug|x64
		{B5C58E8A-DC8D-4A8C-AD50-7F653821553C}.Debug|x64.Build.0 = Debug|x64
		{B5C58E8A-DC8D-4A8C-AD50-7F653821553C}.Release|Win32.ActiveCfg = Release|Win32
		{B5C58E8A-DC8D-4A8C-AD50-7F653821553C}.Release|Win32.Build.0 = Release|Win32
		{B5C58E8A-DC8D-4A8C-AD50-7F653821553C}.Release|x64.ActiveCfg = Release|x64
		{B5C58E8A-DC8D-4A8C-AD50-7F653821553C}.Release|x64.Build.0 = Release|x64
	EndGlobalSection
	GlobalSection(SolutionProperties) = preSolution
		HideSolutionNode = FALSE
	EndGlobalSection
EndGlobal
